
Microsoft Visual Studio Solution File, Format Version 12.00
# Visual Studio Version 17
VisualStudioVersion = 17.8.34322.80
MinimumVisualStudioVersion = 10.0.40219.1
Project("{FAE04EC0-301F-11D3-BF4B-00C04F79EFBC}") = "RouletteQuant", "RouletteQuant\RouletteQuant.csproj", "{C87F5E70-C0BE-47E7-B3DF-7B2854E7FAE5}"
EndProject
Global
	GlobalSection(SolutionConfigurationPlatforms) = preSolution
		Debug|Any CPU = Debug|Any CPU
		Release|Any CPU = Release|Any CPU
	EndGlobalSection
	GlobalSection(ProjectConfigurationPlatforms) = postSolution
		{C87F5E70-C0BE-47E7-B3DF-7B2854E7FAE5}.Debug|Any CPU.ActiveCfg = Debug|Any CPU
		{C87F5E70-C0BE-47E7-B3DF-7B2854E7FAE5}.Debug|Any CPU.Build.0 = Debug|Any CPU
		{C87F5E70-C0BE-47E7-B3DF-7B2854E7FAE5}.Release|Any CPU.ActiveCfg = Release|Any CPU
		{C87F5E70-C0BE-47E7-B3DF-7B2854E7FAE5}.Release|Any CPU.Build.0 = Release|Any CPU
	EndGlobalSection
	GlobalSection(SolutionProperties) = preSolution
		HideSolutionNode = FALSE
	EndGlobalSection
	GlobalSection(ExtensibilityGlobals) = postSolution
		SolutionGuid = {0C584511-EDF8-43FB-9296-AE10E20D2805}
	EndGlobalSection
EndGlobal
